
Microsoft Visual Studio Solution File, Format Version 12.00
# Visual Studio Version 16
VisualStudioVersion = 16.0.30621.155
MinimumVisualStudioVersion = 10.0.40219.1
Project("{FAE04EC0-301F-11D3-BF4B-00C04F79EFBC}") = "my-budget-api", "my-budget-api\my-budget-api.csproj", "{F66C7142-8743-4D07-B92B-FF05F7122D74}"
EndProject
Global
	GlobalSection(SolutionConfigurationPlatforms) = preSolution
		Debug|Any CPU = Debug|Any CPU
		Release|Any CPU = Release|Any CPU
	EndGlobalSection
	GlobalSection(ProjectConfigurationPlatforms) = postSolution
		{F66C7142-8743-4D07-B92B-FF05F7122D74}.Debug|Any CPU.ActiveCfg = Debug|Any CPU
		{F66C7142-8743-4D07-B92B-FF05F7122D74}.Debug|Any CPU.Build.0 = Debug|Any CPU
		{F66C7142-8743-4D07-B92B-FF05F7122D74}.Release|Any CPU.ActiveCfg = Release|Any CPU
		{F66C7142-8743-4D07-B92B-FF05F7122D74}.Release|Any CPU.Build.0 = Release|Any CPU
	EndGlobalSection
	GlobalSection(SolutionProperties) = preSolution
		HideSolutionNode = FALSE
	EndGlobalSection
	GlobalSection(ExtensibilityGlobals) = postSolution
		SolutionGuid = {83CB5A8D-23AE-479D-BE43-50CF1DB7C8AA}
	EndGlobalSection
EndGlobal
